
Microsoft Visual Studio Solution File, Format Version 12.00
# Visual Studio Version 17
VisualStudioVersion = 17.13.35825.156 d17.13
MinimumVisualStudioVersion = 10.0.40219.1
Project("{FAE04EC0-301F-11D3-BF4B-00C04F79EFBC}") = "WEB_353504_Bogdanovich.UI", "WEB_353504_Bogdanovich.UI\WEB_353504_Bogdanovich.UI.csproj", "{08FB2E70-2B91-4C23-8B8F-E93D1086F77D}"
EndProject
Global
	GlobalSection(SolutionConfigurationPlatforms) = preSolution
		Debug|Any CPU = Debug|Any CPU
		Release|Any CPU = Release|Any CPU
	EndGlobalSection
	GlobalSection(ProjectConfigurationPlatforms) = postSolution
		{08FB2E70-2B91-4C23-8B8F-E93D1086F77D}.Debug|Any CPU.ActiveCfg = Debug|Any CPU
		{08FB2E70-2B91-4C23-8B8F-E93D1086F77D}.Debug|Any CPU.Build.0 = Debug|Any CPU
		{08FB2E70-2B91-4C23-8B8F-E93D1086F77D}.Release|Any CPU.ActiveCfg = Release|Any CPU
		{08FB2E70-2B91-4C23-8B8F-E93D1086F77D}.Release|Any CPU.Build.0 = Release|Any CPU
	EndGlobalSection
	GlobalSection(SolutionProperties) = preSolution
		HideSolutionNode = FALSE
	EndGlobalSection
	GlobalSection(ExtensibilityGlobals) = postSolution
		SolutionGuid = {BC95BB22-56E1-4B10-B188-D4E3C2F2012A}
	EndGlobalSection
EndGlobal
